{
  "lockfile_version": "1",
  "packages": {
    "github:NixOS/nixpkgs/nixpkgs-unstable": {
      "resolved": "github:NixOS/nixpkgs/74a40410369a1c35ee09b8a1abee6f4acbedc059?lastModified=1743938762&narHash=sha256-UgFYn8sGv9B8PoFpUfCa43CjMZBl1x%2FShQhRDHBFQdI%3D"
    },
    "hexyl@latest": {
      "last_modified": "2025-03-23T05:31:05Z",
      "resolved": "github:NixOS/nixpkgs/dd613136ee91f67e5dba3f3f41ac99ae89c5406b#hexyl",
      "source": "devbox-search",
      "version": "0.16.0",
      "systems": {
        "aarch64-darwin": {
          "outputs": [
            {
              "name": "out",
              "path": "/nix/store/7gq108nvh2vkx4xrw51xpf1iazsspsh5-hexyl-0.16.0",
              "default": true
            }
          ],
          "store_path": "/nix/store/7gq108nvh2vkx4xrw51xpf1iazsspsh5-hexyl-0.16.0"
        },
        "aarch64-linux": {
          "outputs": [
            {
              "name": "out",
              "path": "/nix/store/hbhk5q8gfdvkiwgc35x4932j9s4ck4pz-hexyl-0.16.0",
              "default": true
            }
          ],
          "store_path": "/nix/store/hbhk5q8gfdvkiwgc35x4932j9s4ck4pz-hexyl-0.16.0"
        },
        "x86_64-darwin": {
          "outputs": [
            {
              "name": "out",
              "path": "/nix/store/zr56zidr772qcx872kkqxdl50sr9spx0-hexyl-0.16.0",
              "default": true
            }
          ],
          "store_path": "/nix/store/zr56zidr772qcx872kkqxdl50sr9spx0-hexyl-0.16.0"
        },
        "x86_64-linux": {
          "outputs": [
            {
              "name": "out",
              "path": "/nix/store/sk1biw4d8rjdihxkh8zh6pxmig53xv65-hexyl-0.16.0",
              "default": true
            }
          ],
          "store_path": "/nix/store/sk1biw4d8rjdihxkh8zh6pxmig53xv65-hexyl-0.16.0"
        }
      }
    },
    "nodejs@22": {
      "last_modified": "2025-03-23T05:31:05Z",
      "plugin_version": "0.0.2",
      "resolved": "github:NixOS/nixpkgs/dd613136ee91f67e5dba3f3f41ac99ae89c5406b#nodejs_22",
      "source": "devbox-search",
      "version": "22.14.0",
      "systems": {
        "aarch64-darwin": {
          "outputs": [
            {
              "name": "out",
              "path": "/nix/store/i1v519j66jmvpqr5h382i9nanxwa5l6n-nodejs-22.14.0",
              "default": true
            },
            {
              "name": "libv8",
              "path": "/nix/store/4m6xhygkx74fsd5k99nihgr7vg85f553-nodejs-22.14.0-libv8"
            }
          ],
          "store_path": "/nix/store/i1v519j66jmvpqr5h382i9nanxwa5l6n-nodejs-22.14.0"
        },
        "aarch64-linux": {
          "outputs": [
            {
              "name": "out",
              "path": "/nix/store/5baih13vgavgia3889wsvh4n4z0mkawd-nodejs-22.14.0",
              "default": true
            },
            {
              "name": "libv8",
              "path": "/nix/store/5qv5cl1s9hjhyjhd4nmgndf1ccf3mc4r-nodejs-22.14.0-libv8"
            }
          ],
          "store_path": "/nix/store/5baih13vgavgia3889wsvh4n4z0mkawd-nodejs-22.14.0"
        },
        "x86_64-darwin": {
          "outputs": [
            {
              "name": "out",
              "path": "/nix/store/8b56xv3fa7v0w0kpr2yvkxq6cb2kknd0-nodejs-22.14.0",
              "default": true
            },
            {
              "name": "libv8",
              "path": "/nix/store/jg0m7pq2hvqrkm1vx22sghqvc9vnn35h-nodejs-22.14.0-libv8"
            }
          ],
          "store_path": "/nix/store/8b56xv3fa7v0w0kpr2yvkxq6cb2kknd0-nodejs-22.14.0"
        },
        "x86_64-linux": {
          "outputs": [
            {
              "name": "out",
              "path": "/nix/store/bmakyv5ip1wc9jk155glzdw4vnnrym04-nodejs-22.14.0",
              "default": true
            },
            {
              "name": "libv8",
              "path": "/nix/store/j4w6685rkqwwl03cc8phm8xiyb2xmbnq-nodejs-22.14.0-libv8"
            }
          ],
          "store_path": "/nix/store/bmakyv5ip1wc9jk155glzdw4vnnrym04-nodejs-22.14.0"
        }
      }
    },
    "pnpm@latest": {
      "last_modified": "2025-03-27T11:50:31Z",
      "resolved": "github:NixOS/nixpkgs/6c5963357f3c1c840201eda129a99d455074db04#pnpm",
      "source": "devbox-search",
      "version": "10.7.0",
      "systems": {
        "aarch64-darwin": {
          "outputs": [
            {
              "name": "out",
              "path": "/nix/store/x76wprx01q04cinshnm1133yg1ypsj3a-pnpm-10.7.0",
              "default": true
            }
          ],
          "store_path": "/nix/store/x76wprx01q04cinshnm1133yg1ypsj3a-pnpm-10.7.0"
        },
        "aarch64-linux": {
          "outputs": [
            {
              "name": "out",
              "path": "/nix/store/bnarmhxsz8msrpsn96di6vb2ng3idaxj-pnpm-10.7.0",
              "default": true
            }
          ],
          "store_path": "/nix/store/bnarmhxsz8msrpsn96di6vb2ng3idaxj-pnpm-10.7.0"
        },
        "x86_64-darwin": {
          "outputs": [
            {
              "name": "out",
              "path": "/nix/store/0pz2nz0r1rwmyqg1kczs4wwxhnx6xn86-pnpm-10.7.0",
              "default": true
            }
          ],
          "store_path": "/nix/store/0pz2nz0r1rwmyqg1kczs4wwxhnx6xn86-pnpm-10.7.0"
        },
        "x86_64-linux": {
          "outputs": [
            {
              "name": "out",
              "path": "/nix/store/ywwl1rqzh8ivxz9skyyswqf56hsdp4gg-pnpm-10.7.0",
              "default": true
            }
          ],
          "store_path": "/nix/store/ywwl1rqzh8ivxz9skyyswqf56hsdp4gg-pnpm-10.7.0"
        }
      }
    }
  }
}
